# THIS IS AN AUTOGENERATED FILE. DO NOT EDIT THIS FILE DIRECTLY.
# yarn lockfile v1


"@types/color-name@^1.1.1":
  version "1.1.1"
  resolved "https://packages.atlassian.com/api/npm/npm-remote/@types/color-name/-/color-name-1.1.1.tgz#1c1261bbeaa10a8055bbc5d8ab84b7b2afc846a0"
  integrity sha1-HBJhu+qhCoBVu8XYq4S3sq/IRqA=

"@types/node@^13.9.2":
  version "13.9.2"
  resolved "https://packages.atlassian.com/api/npm/npm-remote/@types/node/-/node-13.9.2.tgz#ace1880c03594cc3e80206d96847157d8e7fa349"
  integrity sha1-rOGIDANZTMPoAgbZaEcVfY5/o0k=

"@types/yargs-parser@*":
  version "15.0.0"
  resolved "https://packages.atlassian.com/api/npm/npm-remote/@types/yargs-parser/-/yargs-parser-15.0.0.tgz#cb3f9f741869e20cce330ffbeb9271590483882d"
  integrity sha1-yz+fdBhp4gzOMw/765JxWQSDiC0=

"@types/yargs@^15.0.4":
  version "15.0.4"
  resolved "https://packages.atlassian.com/api/npm/npm-remote/@types/yargs/-/yargs-15.0.4.tgz#7e5d0f8ca25e9d5849f2ea443cf7c402decd8299"
  integrity sha1-fl0PjKJenVhJ8upEPPfEAt7Ngpk=
  dependencies:
    "@types/yargs-parser" "*"

ansi-regex@^5.0.0:
  version "5.0.0"
  resolved "https://packages.atlassian.com/api/npm/npm-remote/ansi-regex/-/ansi-regex-5.0.0.tgz#388539f55179bf39339c81af30a654d69f87cb75"
  integrity sha1-OIU59VF5vzkznIGvMKZU1p+Hy3U=

ansi-styles@^4.0.0:
  version "4.2.1"
  resolved "https://packages.atlassian.com/api/npm/npm-remote/ansi-styles/-/ansi-styles-4.2.1.tgz#90ae75c424d008d2624c5bf29ead3177ebfcf359"
  integrity sha1-kK51xCTQCNJiTFvynq0xd+v881k=
  dependencies:
    "@types/color-name" "^1.1.1"
    color-convert "^2.0.1"

arg@^4.1.0:
  version "4.1.3"
  resolved "https://packages.atlassian.com/api/npm/npm-remote/arg/-/arg-4.1.3.tgz#269fc7ad5b8e42cb63c896d5666017261c144089"
  integrity sha1-Jp/HrVuOQstjyJbVZmAXJhwUQIk=

buffer-from@^1.0.0:
  version "1.1.1"
  resolved "https://packages.atlassian.com/api/npm/npm-remote/buffer-from/-/buffer-from-1.1.1.tgz#32713bc028f75c02fdb710d7c7bcec1f2c6070ef"
  integrity sha1-MnE7wCj3XAL9txDXx7zsHyxgcO8=

camelcase@^5.0.0:
  version "5.3.1"
  resolved "https://packages.atlassian.com/api/npm/npm-remote/camelcase/-/camelcase-5.3.1.tgz#e3c9b31569e106811df242f715725a1f4c494320"
  integrity sha1-48mzFWnhBoEd8kL3FXJaH0xJQyA=

cliui@^6.0.0:
  version "6.0.0"
  resolved "https://packages.atlassian.com/api/npm/npm-remote/cliui/-/cliui-6.0.0.tgz#511d702c0c4e41ca156d7d0e96021f23e13225b1"
  integrity sha1-UR1wLAxOQcoVbX0OlgIfI+EyJbE=
  dependencies:
    string-width "^4.2.0"
    strip-ansi "^6.0.0"
    wrap-ansi "^6.2.0"

color-convert@^2.0.1:
  version "2.0.1"
  resolved "https://packages.atlassian.com/api/npm/npm-remote/color-convert/-/color-convert-2.0.1.tgz#72d3a68d598c9bdb3af2ad1e84f21d896abd4de3"
  integrity sha1-ctOmjVmMm9s68q0ehPIdiWq9TeM=
  dependencies:
    color-name "~1.1.4"

color-name@~1.1.4:
  version "1.1.4"
  resolved "https://packages.atlassian.com/api/npm/npm-remote/color-name/-/color-name-1.1.4.tgz#c2a09a87acbde69543de6f63fa3995c826c536a2"
  integrity sha1-wqCah6y95pVD3m9j+jmVyCbFNqI=

decamelize@^1.2.0:
  version "1.2.0"
  resolved "https://packages.atlassian.com/api/npm/npm-remote/decamelize/-/decamelize-1.2.0.tgz#f6534d15148269b20352e7bee26f501f9a191290"
  integrity sha1-9lNNFRSCabIDUue+4m9QH5oZEpA=

diff@^4.0.1:
  version "4.0.2"
  resolved "https://packages.atlassian.com/api/npm/npm-remote/diff/-/diff-4.0.2.tgz#60f3aecb89d5fae520c11aa19efc2bb982aade7d"
  integrity sha1-YPOuy4nV+uUgwRqhnvwruYKq3n0=

emoji-regex@^8.0.0:
  version "8.0.0"
  resolved "https://packages.atlassian.com/api/npm/npm-remote/emoji-regex/-/emoji-regex-8.0.0.tgz#e818fd69ce5ccfcb404594f842963bf53164cc37"
  integrity sha1-6Bj9ac5cz8tARZT4QpY79TFkzDc=

find-up@^4.1.0:
  version "4.1.0"
  resolved "https://packages.atlassian.com/api/npm/npm-remote/find-up/-/find-up-4.1.0.tgz#97afe7d6cdc0bc5928584b7c8d7b16e8a9aa5d19"
  integrity sha1-l6/n1s3AvFkoWEt8jXsW6KmqXRk=
  dependencies:
    locate-path "^5.0.0"
    path-exists "^4.0.0"

fs-monkey@1.0.0:
  version "1.0.0"
  resolved "https://packages.atlassian.com/api/npm/npm-remote/fs-monkey/-/fs-monkey-1.0.0.tgz#b1fe36b2d8a78463fd0b8fd1463b355952743bd0"
  integrity sha1-sf42stinhGP9C4/RRjs1WVJ0O9A=

get-caller-file@^2.0.1:
  version "2.0.5"
  resolved "https://packages.atlassian.com/api/npm/npm-remote/get-caller-file/-/get-caller-file-2.0.5.tgz#4f94412a82db32f36e3b0b9741f8a97feb031f7e"
  integrity sha1-T5RBKoLbMvNuOwuXQfipf+sDH34=

is-fullwidth-code-point@^3.0.0:
  version "3.0.0"
  resolved "https://packages.atlassian.com/api/npm/npm-remote/is-fullwidth-code-point/-/is-fullwidth-code-point-3.0.0.tgz#f116f8064fe90b3f7844a38997c0b75051269f1d"
  integrity sha1-8Rb4Bk/pCz94RKOJl8C3UFEmnx0=

locate-path@^5.0.0:
  version "5.0.0"
  resolved "https://packages.atlassian.com/api/npm/npm-remote/locate-path/-/locate-path-5.0.0.tgz#1afba396afd676a6d42504d0a67a3a7eb9f62aa0"
  integrity sha1-Gvujlq/WdqbUJQTQpno6frn2KqA=
  dependencies:
    p-locate "^4.1.0"

make-error@^1.1.1:
  version "1.3.6"
  resolved "https://packages.atlassian.com/api/npm/npm-remote/make-error/-/make-error-1.3.6.tgz#2eb2e37ea9b67c4891f684a1394799af484cf7a2"
  integrity sha1-LrLjfqm2fEiR9oShOUeZr0hM96I=

memfs@^3.1.2:
  version "3.1.2"
  resolved "https://packages.atlassian.com/api/npm/npm-remote/memfs/-/memfs-3.1.2.tgz#2bb51600dacec67ed35677b1185abb708b7d2ad6"
  integrity sha1-K7UWANrOxn7TVnexGFq7cIt9KtY=
  dependencies:
    fs-monkey "1.0.0"

p-limit@^2.2.0:
  version "2.2.2"
  resolved "https://packages.atlassian.com/api/npm/npm-remote/p-limit/-/p-limit-2.2.2.tgz#61279b67721f5287aa1c13a9a7fbbc48c9291b1e"
  integrity sha1-YSebZ3IfUoeqHBOpp/u8SMkpGx4=
  dependencies:
    p-try "^2.0.0"

p-locate@^4.1.0:
  version "4.1.0"
  resolved "https://packages.atlassian.com/api/npm/npm-remote/p-locate/-/p-locate-4.1.0.tgz#a3428bb7088b3a60292f66919278b7c297ad4f07"
  integrity sha1-o0KLtwiLOmApL2aRkni3wpetTwc=
  dependencies:
    p-limit "^2.2.0"

p-try@^2.0.0:
  version "2.2.0"
  resolved "https://packages.atlassian.com/api/npm/npm-remote/p-try/-/p-try-2.2.0.tgz#cb2868540e313d61de58fafbe35ce9004d5540e6"
  integrity sha1-yyhoVA4xPWHeWPr741zpAE1VQOY=

path-exists@^4.0.0:
  version "4.0.0"
  resolved "https://packages.atlassian.com/api/npm/npm-remote/path-exists/-/path-exists-4.0.0.tgz#513bdbe2d3b95d7762e8c1137efa195c6c61b5b3"
  integrity sha1-UTvb4tO5XXdi6METfvoZXGxhtbM=

require-directory@^2.1.1:
  version "2.1.1"
  resolved "https://packages.atlassian.com/api/npm/npm-remote/require-directory/-/require-directory-2.1.1.tgz#8c64ad5fd30dab1c976e2344ffe7f792a6a6df42"
  integrity sha1-jGStX9MNqxyXbiNE/+f3kqam30I=

require-main-filename@^2.0.0:
  version "2.0.0"
  resolved "https://packages.atlassian.com/api/npm/npm-remote/require-main-filename/-/require-main-filename-2.0.0.tgz#d0b329ecc7cc0f61649f62215be69af54aa8989b"
  integrity sha1-0LMp7MfMD2Fkn2IhW+aa9UqomJs=

resolve-from@^5.0.0:
  version "5.0.0"
  resolved "https://packages.atlassian.com/api/npm/npm-remote/resolve-from/-/resolve-from-5.0.0.tgz#c35225843df8f776df21c57557bc087e9dfdfc69"
  integrity sha1-w1IlhD3493bfIcV1V7wIfp39/Gk=

resolve-pkg@^2.0.0:
  version "2.0.0"
  resolved "https://packages.atlassian.com/api/npm/npm-remote/resolve-pkg/-/resolve-pkg-2.0.0.tgz#ac06991418a7623edc119084edc98b0e6bf05a41"
  integrity sha1-rAaZFBinYj7cEZCE7cmLDmvwWkE=
  dependencies:
    resolve-from "^5.0.0"

set-blocking@^2.0.0:
  version "2.0.0"
  resolved "https://packages.atlassian.com/api/npm/npm-remote/set-blocking/-/set-blocking-2.0.0.tgz#045f9782d011ae9a6803ddd382b24392b3d890f7"
  integrity sha1-BF+XgtARrppoA93TgrJDkrPYkPc=

source-map-support@^0.5.6:
  version "0.5.16"
  resolved "https://packages.atlassian.com/api/npm/npm-remote/source-map-support/-/source-map-support-0.5.16.tgz#0ae069e7fe3ba7538c64c98515e35339eac5a042"
  integrity sha1-CuBp5/47p1OMZMmFFeNTOerFoEI=
  dependencies:
    buffer-from "^1.0.0"
    source-map "^0.6.0"

source-map@^0.6.0:
  version "0.6.1"
  resolved "https://packages.atlassian.com/api/npm/npm-remote/source-map/-/source-map-0.6.1.tgz#74722af32e9614e9c287a8d0bbde48b5e2f1a263"
  integrity sha1-dHIq8y6WFOnCh6jQu95IteLxomM=

string-width@^4.1.0, string-width@^4.2.0:
  version "4.2.0"
  resolved "https://packages.atlassian.com/api/npm/npm-remote/string-width/-/string-width-4.2.0.tgz#952182c46cc7b2c313d1596e623992bd163b72b5"
  integrity sha1-lSGCxGzHssMT0VluYjmSvRY7crU=
  dependencies:
    emoji-regex "^8.0.0"
    is-fullwidth-code-point "^3.0.0"
    strip-ansi "^6.0.0"

strip-ansi@^6.0.0:
  version "6.0.0"
  resolved "https://packages.atlassian.com/api/npm/npm-remote/strip-ansi/-/strip-ansi-6.0.0.tgz#0b1571dd7669ccd4f3e06e14ef1eed26225ae532"
  integrity sha1-CxVx3XZpzNTz4G4U7x7tJiJa5TI=
  dependencies:
    ansi-regex "^5.0.0"

timeline-export-app@^1.1.1-4e36ac84:
  version "1.1.1-4e36ac84"
  resolved "https://packages.atlassian.com/api/npm/npm-remote/timeline-export-app/-/timeline-export-app-1.1.1-4e36ac84.tgz#d96970367e78a4bbae77967cece4042b698a5407"
  integrity sha1-2WlwNn54pLuud5Z87OQEK2mKVAc=

ts-node@^8.8.0:
  version "8.8.0"
  resolved "https://packages.atlassian.com/api/npm/npm-remote/ts-node/-/ts-node-8.8.0.tgz#41a301811ac96174db75c24462ec7ebadfa9668b"
  integrity sha1-QaMBgRrJYXTbdcJEYux+ut+pZos=
  dependencies:
    arg "^4.1.0"
    diff "^4.0.1"
    make-error "^1.1.1"
    source-map-support "^0.5.6"
    yn "3.1.1"

typescript@^3.8.3:
  version "3.8.3"
  resolved "https://packages.atlassian.com/api/npm/npm-remote/typescript/-/typescript-3.8.3.tgz#409eb8544ea0335711205869ec458ab109ee1061"
  integrity sha1-QJ64VE6gM1cRIFhp7EWKsQnuEGE=

which-module@^2.0.0:
  version "2.0.0"
  resolved "https://packages.atlassian.com/api/npm/npm-remote/which-module/-/which-module-2.0.0.tgz#d9ef07dce77b9902b8a3a8fa4b31c3e3f7e6e87a"
  integrity sha1-2e8H3Od7mQK4o6j6SzHD4/fm6Ho=

wrap-ansi@^6.2.0:
  version "6.2.0"
  resolved "https://packages.atlassian.com/api/npm/npm-remote/wrap-ansi/-/wrap-ansi-6.2.0.tgz#e9393ba07102e6c91a3b221478f0257cd2856e53"
  integrity sha1-6Tk7oHEC5skaOyIUePAlfNKFblM=
  dependencies:
    ansi-styles "^4.0.0"
    string-width "^4.1.0"
    strip-ansi "^6.0.0"

y18n@^4.0.0:
  version "4.0.0"
  resolved "https://packages.atlassian.com/api/npm/npm-remote/y18n/-/y18n-4.0.0.tgz#95ef94f85ecc81d007c264e190a120f0a3c8566b"
  integrity sha1-le+U+F7MgdAHwmThkKEg8KPIVms=

yargs-parser@^18.1.1:
  version "18.1.1"
  resolved "https://packages.atlassian.com/api/npm/npm-remote/yargs-parser/-/yargs-parser-18.1.1.tgz#bf7407b915427fc760fcbbccc6c82b4f0ffcbd37"
  integrity sha1-v3QHuRVCf8dg/LvMxsgrTw/8vTc=
  dependencies:
    camelcase "^5.0.0"
    decamelize "^1.2.0"

yargs@^15.3.1:
  version "15.3.1"
  resolved "https://packages.atlassian.com/api/npm/npm-remote/yargs/-/yargs-15.3.1.tgz#9505b472763963e54afe60148ad27a330818e98b"
  integrity sha1-lQW0cnY5Y+VK/mAUitJ6MwgY6Ys=
  dependencies:
    cliui "^6.0.0"
    decamelize "^1.2.0"
    find-up "^4.1.0"
    get-caller-file "^2.0.1"
    require-directory "^2.1.1"
    require-main-filename "^2.0.0"
    set-blocking "^2.0.0"
    string-width "^4.2.0"
    which-module "^2.0.0"
    y18n "^4.0.0"
    yargs-parser "^18.1.1"

yn@3.1.1:
  version "3.1.1"
  resolved "https://packages.atlassian.com/api/npm/npm-remote/yn/-/yn-3.1.1.tgz#1e87401a09d767c1d5eab26a6e4c185182d2eb50"
  integrity sha1-HodAGgnXZ8HV6rJqbkwYUYLS61A=
